
Microsoft Visual Studio Solution File, Format Version 12.00
# Visual Studio Version 17
VisualStudioVersion = 17.8.34330.188
MinimumVisualStudioVersion = 10.0.40219.1
Project("{FAE04EC0-301F-11D3-BF4B-00C04F79EFBC}") = "3a", "3a\3a.csproj", "{F5F7C5DB-BDB3-473B-A887-5FAA1AA403DF}"
EndProject
Global
	GlobalSection(SolutionConfigurationPlatforms) = preSolution
		Debug|Any CPU = Debug|Any CPU
		Release|Any CPU = Release|Any CPU
	EndGlobalSection
	GlobalSection(ProjectConfigurationPlatforms) = postSolution
		{F5F7C5DB-BDB3-473B-A887-5FAA1AA403DF}.Debug|Any CPU.ActiveCfg = Debug|Any CPU
		{F5F7C5DB-BDB3-473B-A887-5FAA1AA403DF}.Debug|Any CPU.Build.0 = Debug|Any CPU
		{F5F7C5DB-BDB3-473B-A887-5FAA1AA403DF}.Release|Any CPU.ActiveCfg = Release|Any CPU
		{F5F7C5DB-BDB3-473B-A887-5FAA1AA403DF}.Release|Any CPU.Build.0 = Release|Any CPU
	EndGlobalSection
	GlobalSection(SolutionProperties) = preSolution
		HideSolutionNode = FALSE
	EndGlobalSection
	GlobalSection(ExtensibilityGlobals) = postSolution
		SolutionGuid = {1F0D1F15-5C6A-400A-ABB9-5D940D9B99A2}
	EndGlobalSection
EndGlobal
